// !$*UTF8*$!
{
	archiveVersion = 1;
	classes = {
	};
	objectVersion = 77;
	objects = {

/* Begin PBXContainerItemProxy section */
		67B51B5B2DC0FCDC00ACE9CB /* PBXContainerItemProxy */ = {
			isa = PBXContainerItemProxy;
			containerPortal = 67B51B452DC0FCD900ACE9CB /* Project object */;
			proxyType = 1;
			remoteGlobalIDString = 67B51B4C2DC0FCD900ACE9CB;
			remoteInfo = QuickTask;
		};
		67B51B652DC0FCDC00ACE9CB /* PBXContainerItemProxy */ = {
			isa = PBXContainerItemProxy;
			containerPortal = 67B51B452DC0FCD900ACE9CB /* Project object */;
			proxyType = 1;
			remoteGlobalIDString = 67B51B4C2DC0FCD900ACE9CB;
			remoteInfo = QuickTask;
		};
/* End PBXContainerItemProxy section */

/* Begin PBXFileReference section */
		67B51B4D2DC0FCD900ACE9CB /* QuickTask.app */ = {isa = PBXFileReference; explicitFileType = wrapper.application; includeInIndex = 0; path = QuickTask.app; sourceTree = BUILT_PRODUCTS_DIR; };
		67B51B5A2DC0FCDC00ACE9CB /* QuickTaskTests.xctest */ = {isa = PBXFileReference; explicitFileType = wrapper.cfbundle; includeInIndex = 0; path = QuickTaskTests.xctest; sourceTree = BUILT_PRODUCTS_DIR; };
		67B51B642DC0FCDC00ACE9CB /* QuickTaskUITests.xctest */ = {isa = PBXFileReference; explicitFileType = wrapper.cfbundle; includeInIndex = 0; path = QuickTaskUITests.xctest; sourceTree = BUILT_PRODUCTS_DIR; };
/* End PBXFileReference section */

/* Begin PBXFileSystemSynchronizedRootGroup section */
		67B51B4F2DC0FCD900ACE9CB /* QuickTask */ = {
			isa = PBXFileSystemSynchronizedRootGroup;
			path = QuickTask;
			sourceTree = "<group>";
		};
		67B51B5D2DC0FCDC00ACE9CB /* QuickTaskTests */ = {
			isa = PBXFileSystemSynchronizedRootGroup;
			path = QuickTaskTests;
			sourceTree = "<group>";
		};
		67B51B672DC0FCDC00ACE9CB /* QuickTaskUITests */ = {
			isa = PBXFileSystemSynchronizedRootGroup;
			path = QuickTaskUITests;
			sourceTree = "<group>";
		};
/* End PBXFileSystemSynchronizedRootGroup section */

/* Begin PBXFrameworksBuildPhase section */
		67B51B4A2DC0FCD900ACE9CB /* Frameworks */ = {
			isa = PBXFrameworksBuildPhase;
			buildActionMask = 2147483647;
			files = (
			);
			runOnlyForDeploymentPostprocessing = 0;
		};
		67B51B572DC0FCDC00ACE9CB /* Frameworks */ = {
			isa = PBXFrameworksBuildPhase;
			buildActionMask = 2147483647;
			files = (
			);
			runOnlyForDeploymentPostprocessing = 0;
		};
		67B51B612DC0FCDC00ACE9CB /* Frameworks */ = {
			isa = PBXFrameworksBuildPhase;
			buildActionMask = 2147483647;
			files = (
			);
			runOnlyForDeploymentPostprocessing = 0;
		};
/* End PBXFrameworksBuildPhase section */

/* Begin PBXGroup section */
		67B51B442DC0FCD900ACE9CB = {
			isa = PBXGroup;
			children = (
				67B51B4F2DC0FCD900ACE9CB /* QuickTask */,
				67B51B5D2DC0FCDC00ACE9CB /* QuickTaskTests */,
				67B51B672DC0FCDC00ACE9CB /* QuickTaskUITests */,
				67B51B4E2DC0FCD900ACE9CB /* Products */,
			);
			sourceTree = "<group>";
		};
		67B51B4E2DC0FCD900ACE9CB /* Products */ = {
			isa = PBXGroup;
			children = (
				67B51B4D2DC0FCD900ACE9CB /* QuickTask.app */,
				67B51B5A2DC0FCDC00ACE9CB /* QuickTaskTests.xctest */,
				67B51B642DC0FCDC00ACE9CB /* QuickTaskUITests.xctest */,
			);
			name = Products;
			sourceTree = "<group>";
		};
/* End PBXGroup section */

/* Begin PBXNativeTarget section */
		67B51B4C2DC0FCD900ACE9CB /* QuickTask */ = {
			isa = PBXNativeTarget;
			buildConfigurationList = 67B51B6E2DC0FCDC00ACE9CB /* Build configuration list for PBXNativeTarget "QuickTask" */;
			buildPhases = (
				67B51B492DC0FCD900ACE9CB /* Sources */,
				67B51B4A2DC0FCD900ACE9CB /* Frameworks */,
				67B51B4B2DC0FCD900ACE9CB /* Resources */,
			);
			buildRules = (
			);
			dependencies = (
			);
			fileSystemSynchronizedGroups = (
				67B51B4F2DC0FCD900ACE9CB /* QuickTask */,
			);
			name = QuickTask;
			packageProductDependencies = (
			);
			productName = QuickTask;
			productReference = 67B51B4D2DC0FCD900ACE9CB /* QuickTask.app */;
			productType = "com.apple.product-type.application";
		};
		67B51B592DC0FCDC00ACE9CB /* QuickTaskTests */ = {
			isa = PBXNativeTarget;
			buildConfigurationList = 67B51B712DC0FCDC00ACE9CB /* Build configuration list for PBXNativeTarget "QuickTaskTests" */;
			buildPhases = (
				67B51B562DC0FCDC00ACE9CB /* Sources */,
				67B51B572DC0FCDC00ACE9CB /* Frameworks */,
				67B51B582DC0FCDC00ACE9CB /* Resources */,
			);
			buildRules = (
			);
			dependencies = (
				67B51B5C2DC0FCDC00ACE9CB /* PBXTargetDependency */,
			);
			fileSystemSynchronizedGroups = (
				67B51B5D2DC0FCDC00ACE9CB /* QuickTaskTests */,
			);
			name = QuickTaskTests;
			packageProductDependencies = (
			);
			productName = QuickTaskTests;
			productReference = 67B51B5A2DC0FCDC00ACE9CB /* QuickTaskTests.xctest */;
			productType = "com.apple.product-type.bundle.unit-test";
		};
		67B51B632DC0FCDC00ACE9CB /* QuickTaskUITests */ = {
			isa = PBXNativeTarget;
			buildConfigurationList = 67B51B742DC0FCDC00ACE9CB /* Build configuration list for PBXNativeTarget "QuickTaskUITests" */;
			buildPhases = (
				67B51B602DC0FCDC00ACE9CB /* Sources */,
				67B51B612DC0FCDC00ACE9CB /* Frameworks */,
				67B51B622DC0FCDC00ACE9CB /* Resources */,
			);
			buildRules = (
			);
			dependencies = (
				67B51B662DC0FCDC00ACE9CB /* PBXTargetDependency */,
			);
			fileSystemSynchronizedGroups = (
				67B51B672DC0FCDC00ACE9CB /* QuickTaskUITests */,
			);
			name = QuickTaskUITests;
			packageProductDependencies = (
			);
			productName = QuickTaskUITests;
			productReference = 67B51B642DC0FCDC00ACE9CB /* QuickTaskUITests.xctest */;
			productType = "com.apple.product-type.bundle.ui-testing";
		};
/* End PBXNativeTarget section */

/* Begin PBXProject section */
		67B51B452DC0FCD900ACE9CB /* Project object */ = {
			isa = PBXProject;
			attributes = {
				BuildIndependentTargetsInParallel = 1;
				LastSwiftUpdateCheck = 1630;
				LastUpgradeCheck = 1630;
				TargetAttributes = {
					67B51B4C2DC0FCD900ACE9CB = {
						CreatedOnToolsVersion = 16.3;
					};
					67B51B592DC0FCDC00ACE9CB = {
						CreatedOnToolsVersion = 16.3;
						TestTargetID = 67B51B4C2DC0FCD900ACE9CB;
					};
					67B51B632DC0FCDC00ACE9CB = {
						CreatedOnToolsVersion = 16.3;
						TestTargetID = 67B51B4C2DC0FCD900ACE9CB;
					};
				};
			};
			buildConfigurationList = 67B51B482DC0FCD900ACE9CB /* Build configuration list for PBXProject "QuickTask" */;
			developmentRegion = en;
			hasScannedForEncodings = 0;
			knownRegions = (
				en,
				Base,
			);
			mainGroup = 67B51B442DC0FCD900ACE9CB;
			minimizedProjectReferenceProxies = 1;
			preferredProjectObjectVersion = 77;
			productRefGroup = 67B51B4E2DC0FCD900ACE9CB /* Products */;
			projectDirPath = "";
			projectRoot = "";
			targets = (
				67B51B4C2DC0FCD900ACE9CB /* QuickTask */,
				67B51B592DC0FCDC00ACE9CB /* QuickTaskTests */,
				67B51B632DC0FCDC00ACE9CB /* QuickTaskUITests */,
			);
		};
/* End PBXProject section */

/* Begin PBXResourcesBuildPhase section */
		67B51B4B2DC0FCD900ACE9CB /* Resources */ = {
			isa = PBXResourcesBuildPhase;
			buildActionMask = 2147483647;
			files = (
			);
			runOnlyForDeploymentPostprocessing = 0;
		};
		67B51B582DC0FCDC00ACE9CB /* Resources */ = {
			isa = PBXResourcesBuildPhase;
			buildActionMask = 2147483647;
			files = (
			);
			runOnlyForDeploymentPostprocessing = 0;
		};
		67B51B622DC0FCDC00ACE9CB /* Resources */ = {
			isa = PBXResourcesBuildPhase;
			buildActionMask = 2147483647;
			files = (
			);
			runOnlyForDeploymentPostprocessing = 0;
		};
/* End PBXResourcesBuildPhase section */

/* Begin PBXSourcesBuildPhase section */
		67B51B492DC0FCD900ACE9CB /* Sources */ = {
			isa = PBXSourcesBuildPhase;
			buildActionMask = 2147483647;
			files = (
			);
			runOnlyForDeploymentPostprocessing = 0;
		};
		67B51B562DC0FCDC00ACE9CB /* Sources */ = {
			isa = PBXSourcesBuildPhase;
			buildActionMask = 2147483647;
			files = (
			);
			runOnlyForDeploymentPostprocessing = 0;
		};
		67B51B602DC0FCDC00ACE9CB /* Sources */ = {
			isa = PBXSourcesBuildPhase;
			buildActionMask = 2147483647;
			files = (
			);
			runOnlyForDeploymentPostprocessing = 0;
		};
/* End PBXSourcesBuildPhase section */

/* Begin PBXTargetDependency section */
		67B51B5C2DC0FCDC00ACE9CB /* PBXTargetDependency */ = {
			isa = PBXTargetDependency;
			target = 67B51B4C2DC0FCD900ACE9CB /* QuickTask */;
			targetProxy = 67B51B5B2DC0FCDC00ACE9CB /* PBXContainerItemProxy */;
		};
		67B51B662DC0FCDC00ACE9CB /* PBXTargetDependency */ = {
			isa = PBXTargetDependency;
			target = 67B51B4C2DC0FCD900ACE9CB /* QuickTask */;
			targetProxy = 67B51B652DC0FCDC00ACE9CB /* PBXContainerItemProxy */;
		};
/* End PBXTargetDependency section */

/* Begin XCBuildConfiguration section */
		67B51B6C2DC0FCDC00ACE9CB /* Debug */ = {
			isa = XCBuildConfiguration;
			buildSettings = {
				ALWAYS_SEARCH_USER_PATHS = NO;
				ASSETCATALOG_COMPILER_GENERATE_SWIFT_ASSET_SYMBOL_EXTENSIONS = YES;
				CLANG_ANALYZER_NONNULL = YES;
				CLANG_ANALYZER_NUMBER_OBJECT_CONVERSION = YES_AGGRESSIVE;
				CLANG_CXX_LANGUAGE_STANDARD = "gnu++20";
				CLANG_ENABLE_MODULES = YES;
				CLANG_ENABLE_OBJC_ARC = YES;
				CLANG_ENABLE_OBJC_WEAK = YES;
				CLANG_WARN_BLOCK_CAPTURE_AUTORELEASING = YES;
				CLANG_WARN_BOOL_CONVERSION = YES;
				CLANG_WARN_COMMA = YES;
				CLANG_WARN_CONSTANT_CONVERSION = YES;
				CLANG_WARN_DEPRECATED_OBJC_IMPLEMENTATIONS = YES;
				CLANG_WARN_DIRECT_OBJC_ISA_USAGE = YES_ERROR;
				CLANG_WARN_DOCUMENTATION_COMMENTS = YES;
				CLANG_WARN_EMPTY_BODY = YES;
				CLANG_WARN_ENUM_CONVERSION = YES;
				CLANG_WARN_INFINITE_RECURSION = YES;
				CLANG_WARN_INT_CONVERSION = YES;
				CLANG_WARN_NON_LITERAL_NULL_CONVERSION = YES;
				CLANG_WARN_OBJC_IMPLICIT_RETAIN_SELF = YES;
				CLANG_WARN_OBJC_LITERAL_CONVERSION = YES;
				CLANG_WARN_OBJC_ROOT_CLASS = YES_ERROR;
				CLANG_WARN_QUOTED_INCLUDE_IN_FRAMEWORK_HEADER = YES;
				CLANG_WARN_RANGE_LOOP_ANALYSIS = YES;
				CLANG_WARN_STRICT_PROTOTYPES = YES;
				CLANG_WARN_SUSPICIOUS_MOVE = YES;
				CLANG_WARN_UNGUARDED_AVAILABILITY = YES_AGGRESSIVE;
				CLANG_WARN_UNREACHABLE_CODE = YES;
				CLANG_WARN__DUPLICATE_METHOD_MATCH = YES;
				COPY_PHASE_STRIP = NO;
				DEBUG_INFORMATION_FORMAT = dwarf;
				DEVELOPMENT_TEAM = MG4AZR2XZD;
				ENABLE_STRICT_OBJC_MSGSEND = YES;
				ENABLE_TESTABILITY = YES;
				ENABLE_USER_SCRIPT_SANDBOXING = YES;
				GCC_C_LANGUAGE_STANDARD = gnu17;
				GCC_DYNAMIC_NO_PIC = NO;
				GCC_NO_COMMON_BLOCKS = YES;
				GCC_OPTIMIZATION_LEVEL = 0;
				GCC_PREPROCESSOR_DEFINITIONS = (
					"DEBUG=1",
					"$(inherited)",
				);
				GCC_WARN_64_TO_32_BIT_CONVERSION = YES;
				GCC_WARN_ABOUT_RETURN_TYPE = YES_ERROR;
				GCC_WARN_UNDECLARED_SELECTOR = YES;
				GCC_WARN_UNINITIALIZED_AUTOS = YES_AGGRESSIVE;
				GCC_WARN_UNUSED_FUNCTION = YES;
				GCC_WARN_UNUSED_VARIABLE = YES;
				IPHONEOS_DEPLOYMENT_TARGET = 18.4;
				LOCALIZATION_PREFERS_STRING_CATALOGS = YES;
				MTL_ENABLE_DEBUG_INFO = INCLUDE_SOURCE;
				MTL_FAST_MATH = YES;
				ONLY_ACTIVE_ARCH = YES;
				SDKROOT = iphoneos;
				SWIFT_ACTIVE_COMPILATION_CONDITIONS = "DEBUG $(inherited)";
				SWIFT_OPTIMIZATION_LEVEL = "-Onone";
			};
			name = Debug;
		};
		67B51B6D2DC0FCDC00ACE9CB /* Release */ = {
			isa = XCBuildConfiguration;
			buildSettings = {
				ALWAYS_SEARCH_USER_PATHS = NO;
				ASSETCATALOG_COMPILER_GENERATE_SWIFT_ASSET_SYMBOL_EXTENSIONS = YES;
				CLANG_ANALYZER_NONNULL = YES;
				CLANG_ANALYZER_NUMBER_OBJECT_CONVERSION = YES_AGGRESSIVE;
				CLANG_CXX_LANGUAGE_STANDARD = "gnu++20";
				CLANG_ENABLE_MODULES = YES;
				CLANG_ENABLE_OBJC_ARC = YES;
				CLANG_ENABLE_OBJC_WEAK = YES;
				CLANG_WARN_BLOCK_CAPTURE_AUTORELEASING = YES;
				CLANG_WARN_BOOL_CONVERSION = YES;
				CLANG_WARN_COMMA = YES;
				CLANG_WARN_CONSTANT_CONVERSION = YES;
				CLANG_WARN_DEPRECATED_OBJC_IMPLEMENTATIONS = YES;
				CLANG_WARN_DIRECT_OBJC_ISA_USAGE = YES_ERROR;
				CLANG_WARN_DOCUMENTATION_COMMENTS = YES;
				CLANG_WARN_EMPTY_BODY = YES;
				CLANG_WARN_ENUM_CONVERSION = YES;
				CLANG_WARN_INFINITE_RECURSION = YES;
				CLANG_WARN_INT_CONVERSION = YES;
				CLANG_WARN_NON_LITERAL_NULL_CONVERSION = YES;
				CLANG_WARN_OBJC_IMPLICIT_RETAIN_SELF = YES;
				CLANG_WARN_OBJC_LITERAL_CONVERSION = YES;
				CLANG_WARN_OBJC_ROOT_CLASS = YES_ERROR;
				CLANG_WARN_QUOTED_INCLUDE_IN_FRAMEWORK_HEADER = YES;
				CLANG_WARN_RANGE_LOOP_ANALYSIS = YES;
				CLANG_WARN_STRICT_PROTOTYPES = YES;
				CLANG_WARN_SUSPICIOUS_MOVE = YES;
				CLANG_WARN_UNGUARDED_AVAILABILITY = YES_AGGRESSIVE;
				CLANG_WARN_UNREACHABLE_CODE = YES;
				CLANG_WARN__DUPLICATE_METHOD_MATCH = YES;
				COPY_PHASE_STRIP = NO;
				DEBUG_INFORMATION_FORMAT = "dwarf-with-dsym";
				DEVELOPMENT_TEAM = MG4AZR2XZD;
				ENABLE_NS_ASSERTIONS = NO;
				ENABLE_STRICT_OBJC_MSGSEND = YES;
				ENABLE_USER_SCRIPT_SANDBOXING = YES;
				GCC_C_LANGUAGE_STANDARD = gnu17;
				GCC_NO_COMMON_BLOCKS = YES;
				GCC_WARN_64_TO_32_BIT_CONVERSION = YES;
				GCC_WARN_ABOUT_RETURN_TYPE = YES_ERROR;
				GCC_WARN_UNDECLARED_SELECTOR = YES;
				GCC_WARN_UNINITIALIZED_AUTOS = YES_AGGRESSIVE;
				GCC_WARN_UNUSED_FUNCTION = YES;
				GCC_WARN_UNUSED_VARIABLE = YES;
				IPHONEOS_DEPLOYMENT_TARGET = 18.4;
				LOCALIZATION_PREFERS_STRING_CATALOGS = YES;
				MTL_ENABLE_DEBUG_INFO = NO;
				MTL_FAST_MATH = YES;
				SDKROOT = iphoneos;
				SWIFT_COMPILATION_MODE = wholemodule;
				VALIDATE_PRODUCT = YES;
			};
			name = Release;
		};
		67B51B6F2DC0FCDC00ACE9CB /* Debug */ = {
			isa = XCBuildConfiguration;
			buildSettings = {
				ASSETCATALOG_COMPILER_APPICON_NAME = AppIcon;
				ASSETCATALOG_COMPILER_GLOBAL_ACCENT_COLOR_NAME = AccentColor;
				CODE_SIGN_STYLE = Automatic;
				CURRENT_PROJECT_VERSION = 1;
				DEVELOPMENT_TEAM = MG4AZR2XZD;
				ENABLE_PREVIEWS = YES;
				GENERATE_INFOPLIST_FILE = YES;
				INFOPLIST_KEY_UIApplicationSceneManifest_Generation = YES;
				INFOPLIST_KEY_UIApplicationSupportsIndirectInputEvents = YES;
				INFOPLIST_KEY_UILaunchScreen_Generation = YES;
				INFOPLIST_KEY_UISupportedInterfaceOrientations_iPad = "UIInterfaceOrientationPortrait UIInterfaceOrientationPortraitUpsideDown UIInterfaceOrientationLandscapeLeft UIInterfaceOrientationLandscapeRight";
				INFOPLIST_KEY_UISupportedInterfaceOrientations_iPhone = "UIInterfaceOrientationPortrait UIInterfaceOrientationLandscapeLeft UIInterfaceOrientationLandscapeRight";
				LD_RUNPATH_SEARCH_PATHS = (
					"$(inherited)",
					"@executable_path/Frameworks",
				);
				MARKETING_VERSION = 1.0;
				PRODUCT_BUNDLE_IDENTIFIER = me.harshilpatel.QuickTask;
				PRODUCT_NAME = "$(TARGET_NAME)";
				SWIFT_EMIT_LOC_STRINGS = YES;
				SWIFT_VERSION = 5.0;
				TARGETED_DEVICE_FAMILY = "1,2";
			};
			name = Debug;
		};
		67B51B702DC0FCDC00ACE9CB /* Release */ = {
			isa = XCBuildConfiguration;
			buildSettings = {
				ASSETCATALOG_COMPILER_APPICON_NAME = AppIcon;
				ASSETCATALOG_COMPILER_GLOBAL_ACCENT_COLOR_NAME = AccentColor;
				CODE_SIGN_STYLE = Automatic;
				CURRENT_PROJECT_VERSION = 1;
				DEVELOPMENT_TEAM = MG4AZR2XZD;
				ENABLE_PREVIEWS = YES;
				GENERATE_INFOPLIST_FILE = YES;
				INFOPLIST_KEY_UIApplicationSceneManifest_Generation = YES;
				INFOPLIST_KEY_UIApplicationSupportsIndirectInputEvents = YES;
				INFOPLIST_KEY_UILaunchScreen_Generation = YES;
				INFOPLIST_KEY_UISupportedInterfaceOrientations_iPad = "UIInterfaceOrientationPortrait UIInterfaceOrientationPortraitUpsideDown UIInterfaceOrientationLandscapeLeft UIInterfaceOrientationLandscapeRight";
				INFOPLIST_KEY_UISupportedInterfaceOrientations_iPhone = "UIInterfaceOrientationPortrait UIInterfaceOrientationLandscapeLeft UIInterfaceOrientationLandscapeRight";
				LD_RUNPATH_SEARCH_PATHS = (
					"$(inherited)",
					"@executable_path/Frameworks",
				);
				MARKETING_VERSION = 1.0;
				PRODUCT_BUNDLE_IDENTIFIER = me.harshilpatel.QuickTask;
				PRODUCT_NAME = "$(TARGET_NAME)";
				SWIFT_EMIT_LOC_STRINGS = YES;
				SWIFT_VERSION = 5.0;
				TARGETED_DEVICE_FAMILY = "1,2";
			};
			name = Release;
		};
		67B51B722DC0FCDC00ACE9CB /* Debug */ = {
			isa = XCBuildConfiguration;
			buildSettings = {
				BUNDLE_LOADER = "$(TEST_HOST)";
				CODE_SIGN_STYLE = Automatic;
				CURRENT_PROJECT_VERSION = 1;
				DEVELOPMENT_TEAM = MG4AZR2XZD;
				GENERATE_INFOPLIST_FILE = YES;
				IPHONEOS_DEPLOYMENT_TARGET = 18.4;
				MARKETING_VERSION = 1.0;
				PRODUCT_BUNDLE_IDENTIFIER = me.harshilpatel.QuickTaskTests;
				PRODUCT_NAME = "$(TARGET_NAME)";
				SWIFT_EMIT_LOC_STRINGS = NO;
				SWIFT_VERSION = 5.0;
				TARGETED_DEVICE_FAMILY = "1,2";
				TEST_HOST = "$(BUILT_PRODUCTS_DIR)/QuickTask.app/$(BUNDLE_EXECUTABLE_FOLDER_PATH)/QuickTask";
			};
			name = Debug;
		};
		67B51B732DC0FCDC00ACE9CB /* Release */ = {
			isa = XCBuildConfiguration;
			buildSettings = {
				BUNDLE_LOADER = "$(TEST_HOST)";
				CODE_SIGN_STYLE = Automatic;
				CURRENT_PROJECT_VERSION = 1;
				DEVELOPMENT_TEAM = MG4AZR2XZD;
				GENERATE_INFOPLIST_FILE = YES;
				IPHONEOS_DEPLOYMENT_TARGET = 18.4;
				MARKETING_VERSION = 1.0;
				PRODUCT_BUNDLE_IDENTIFIER = me.harshilpatel.QuickTaskTests;
				PRODUCT_NAME = "$(TARGET_NAME)";
				SWIFT_EMIT_LOC_STRINGS = NO;
				SWIFT_VERSION = 5.0;
				TARGETED_DEVICE_FAMILY = "1,2";
				TEST_HOST = "$(BUILT_PRODUCTS_DIR)/QuickTask.app/$(BUNDLE_EXECUTABLE_FOLDER_PATH)/QuickTask";
			};
			name = Release;
		};
		67B51B752DC0FCDC00ACE9CB /* Debug */ = {
			isa = XCBuildConfiguration;
			buildSettings = {
				CODE_SIGN_STYLE = Automatic;
				CURRENT_PROJECT_VERSION = 1;
				DEVELOPMENT_TEAM = MG4AZR2XZD;
				GENERATE_INFOPLIST_FILE = YES;
				MARKETING_VERSION = 1.0;
				PRODUCT_BUNDLE_IDENTIFIER = me.harshilpatel.QuickTaskUITests;
				PRODUCT_NAME = "$(TARGET_NAME)";
				SWIFT_EMIT_LOC_STRINGS = NO;
				SWIFT_VERSION = 5.0;
				TARGETED_DEVICE_FAMILY = "1,2";
				TEST_TARGET_NAME = QuickTask;
			};
			name = Debug;
		};
		67B51B762DC0FCDC00ACE9CB /* Release */ = {
			isa = XCBuildConfiguration;
			buildSettings = {
				CODE_SIGN_STYLE = Automatic;
				CURRENT_PROJECT_VERSION = 1;
				DEVELOPMENT_TEAM = MG4AZR2XZD;
				GENERATE_INFOPLIST_FILE = YES;
				MARKETING_VERSION = 1.0;
				PRODUCT_BUNDLE_IDENTIFIER = me.harshilpatel.QuickTaskUITests;
				PRODUCT_NAME = "$(TARGET_NAME)";
				SWIFT_EMIT_LOC_STRINGS = NO;
				SWIFT_VERSION = 5.0;
				TARGETED_DEVICE_FAMILY = "1,2";
				TEST_TARGET_NAME = QuickTask;
			};
			name = Release;
		};
/* End XCBuildConfiguration section */

/* Begin XCConfigurationList section */
		67B51B482DC0FCD900ACE9CB /* Build configuration list for PBXProject "QuickTask" */ = {
			isa = XCConfigurationList;
			buildConfigurations = (
				67B51B6C2DC0FCDC00ACE9CB /* Debug */,
				67B51B6D2DC0FCDC00ACE9CB /* Release */,
			);
			defaultConfigurationIsVisible = 0;
			defaultConfigurationName = Release;
		};
		67B51B6E2DC0FCDC00ACE9CB /* Build configuration list for PBXNativeTarget "QuickTask" */ = {
			isa = XCConfigurationList;
			buildConfigurations = (
				67B51B6F2DC0FCDC00ACE9CB /* Debug */,
				67B51B702DC0FCDC00ACE9CB /* Release */,
			);
			defaultConfigurationIsVisible = 0;
			defaultConfigurationName = Release;
		};
		67B51B712DC0FCDC00ACE9CB /* Build configuration list for PBXNativeTarget "QuickTaskTests" */ = {
			isa = XCConfigurationList;
			buildConfigurations = (
				67B51B722DC0FCDC00ACE9CB /* Debug */,
				67B51B732DC0FCDC00ACE9CB /* Release */,
			);
			defaultConfigurationIsVisible = 0;
			defaultConfigurationName = Release;
		};
		67B51B742DC0FCDC00ACE9CB /* Build configuration list for PBXNativeTarget "QuickTaskUITests" */ = {
			isa = XCConfigurationList;
			buildConfigurations = (
				67B51B752DC0FCDC00ACE9CB /* Debug */,
				67B51B762DC0FCDC00ACE9CB /* Release */,
			);
			defaultConfigurationIsVisible = 0;
			defaultConfigurationName = Release;
		};
/* End XCConfigurationList section */
	};
	rootObject = 67B51B452DC0FCD900ACE9CB /* Project object */;
}
